
Microsoft Visual Studio Solution File, Format Version 12.00
# Visual Studio 15
VisualStudioVersion = 15.0.28010.2046
MinimumVisualStudioVersion = 10.0.40219.1
Project("{FAE04EC0-301F-11D3-BF4B-00C04F79EFBC}") = "Basic CRUD", "Basic CRUD\Basic CRUD.csproj", "{8220A218-666D-4274-9447-5DA4C8BB5BDA}"
EndProject
Global
	GlobalSection(SolutionConfigurationPlatforms) = preSolution
		Debug|Any CPU = Debug|Any CPU
		Release|Any CPU = Release|Any CPU
	EndGlobalSection
	GlobalSection(ProjectConfigurationPlatforms) = postSolution
		{8220A218-666D-4274-9447-5DA4C8BB5BDA}.Debug|Any CPU.ActiveCfg = Debug|Any CPU
		{8220A218-666D-4274-9447-5DA4C8BB5BDA}.Debug|Any CPU.Build.0 = Debug|Any CPU
		{8220A218-666D-4274-9447-5DA4C8BB5BDA}.Release|Any CPU.ActiveCfg = Release|Any CPU
		{8220A218-666D-4274-9447-5DA4C8BB5BDA}.Release|Any CPU.Build.0 = Release|Any CPU
	EndGlobalSection
	GlobalSection(SolutionProperties) = preSolution
		HideSolutionNode = FALSE
	EndGlobalSection
	GlobalSection(ExtensibilityGlobals) = postSolution
		SolutionGuid = {F25B3E70-B9A5-4471-9926-9BD194F40D73}
	EndGlobalSection
EndGlobal
